
Microsoft Visual Studio Solution File, Format Version 12.00
# Visual Studio Version 17
VisualStudioVersion = 17.7.34009.444
MinimumVisualStudioVersion = 10.0.40219.1
Project("{FAE04EC0-301F-11D3-BF4B-00C04F79EFBC}") = "KindleApp", "KindleApp\KindleApp.csproj", "{E843B473-23C0-4D22-B71B-FB520F2E169D}"
EndProject
Global
	GlobalSection(SolutionConfigurationPlatforms) = preSolution
		Debug|Any CPU = Debug|Any CPU
		Release|Any CPU = Release|Any CPU
	EndGlobalSection
	GlobalSection(ProjectConfigurationPlatforms) = postSolution
		{E843B473-23C0-4D22-B71B-FB520F2E169D}.Debug|Any CPU.ActiveCfg = Debug|Any CPU
		{E843B473-23C0-4D22-B71B-FB520F2E169D}.Debug|Any CPU.Build.0 = Debug|Any CPU
		{E843B473-23C0-4D22-B71B-FB520F2E169D}.Release|Any CPU.ActiveCfg = Release|Any CPU
		{E843B473-23C0-4D22-B71B-FB520F2E169D}.Release|Any CPU.Build.0 = Release|Any CPU
	EndGlobalSection
	GlobalSection(SolutionProperties) = preSolution
		HideSolutionNode = FALSE
	EndGlobalSection
	GlobalSection(ExtensibilityGlobals) = postSolution
		SolutionGuid = {B216F067-8C5A-47FE-BA0D-396B659D77F9}
	EndGlobalSection
EndGlobal
